// !$*UTF8*$!
{
	archiveVersion = 1;
	classes = {
	};
	objectVersion = 46;
	objects = {

/* Begin PBXBuildFile section */
		069EC6FE1B7401C9008F7A7E /* UDLoginVC.swift in Sources */ = {isa = PBXBuildFile; fileRef = 069EC6FD1B7401C9008F7A7E /* UDLoginVC.swift */; };
		069EC7021B741FC1008F7A7E /* UDSessionTests.swift in Sources */ = {isa = PBXBuildFile; fileRef = 069EC7011B741FC1008F7A7E /* UDSessionTests.swift */; };
		069EC7041B742CDD008F7A7E /* BaseClient.swift in Sources */ = {isa = PBXBuildFile; fileRef = 069EC7031B742CDD008F7A7E /* BaseClient.swift */; };
		069EC7061B742D61008F7A7E /* UDParseClient.swift in Sources */ = {isa = PBXBuildFile; fileRef = 069EC7051B742D61008F7A7E /* UDParseClient.swift */; };
		069EC7081B742E3D008F7A7E /* UDParseClient+Constants.swift in Sources */ = {isa = PBXBuildFile; fileRef = 069EC7071B742E3D008F7A7E /* UDParseClient+Constants.swift */; };
		069EC70A1B742F83008F7A7E /* ParseClientTests.swift in Sources */ = {isa = PBXBuildFile; fileRef = 069EC7091B742F83008F7A7E /* ParseClientTests.swift */; };
		069EC70C1B74360F008F7A7E /* UDClient+Convenience.swift in Sources */ = {isa = PBXBuildFile; fileRef = 069EC70B1B74360F008F7A7E /* UDClient+Convenience.swift */; };
		069EC70E1B744B52008F7A7E /* UDLocation+Annotation.swift in Sources */ = {isa = PBXBuildFile; fileRef = 069EC70D1B744B52008F7A7E /* UDLocation+Annotation.swift */; };
		069EC7121B74F70B008F7A7E /* UDLoginVCTests.swift in Sources */ = {isa = PBXBuildFile; fileRef = 069EC7111B74F70B008F7A7E /* UDLoginVCTests.swift */; };
		069EC7141B753433008F7A7E /* UDPointAnnotation.swift in Sources */ = {isa = PBXBuildFile; fileRef = 069EC7131B753433008F7A7E /* UDPointAnnotation.swift */; };
		069EC7161B764582008F7A7E /* UDParseClient+Convenience.swift in Sources */ = {isa = PBXBuildFile; fileRef = 069EC7151B764582008F7A7E /* UDParseClient+Convenience.swift */; };
		06B075E71B76E90300CDCBCE /* UDTabController.swift in Sources */ = {isa = PBXBuildFile; fileRef = 06B075E61B76E90300CDCBCE /* UDTabController.swift */; };
		06B075E91B77970500CDCBCE /* MapSearchTests.swift in Sources */ = {isa = PBXBuildFile; fileRef = 06B075E81B77970500CDCBCE /* MapSearchTests.swift */; };
		06B075EB1B779E4900CDCBCE /* MKLocalSearch+StudentLocation.swift in Sources */ = {isa = PBXBuildFile; fileRef = 06B075EA1B779E4900CDCBCE /* MKLocalSearch+StudentLocation.swift */; };
		06B075ED1B77B7EC00CDCBCE /* UDLocationSearchVC.swift in Sources */ = {isa = PBXBuildFile; fileRef = 06B075EC1B77B7EC00CDCBCE /* UDLocationSearchVC.swift */; };
		06B075EF1B77B81000CDCBCE /* UDLocationPostVC.swift in Sources */ = {isa = PBXBuildFile; fileRef = 06B075EE1B77B81000CDCBCE /* UDLocationPostVC.swift */; };
		06B075F51B77E58B00CDCBCE /* UDCurrentUser.swift in Sources */ = {isa = PBXBuildFile; fileRef = 06B075F41B77E58B00CDCBCE /* UDCurrentUser.swift */; };
		06B075F71B797CF800CDCBCE /* UDLocation+Convience.swift in Sources */ = {isa = PBXBuildFile; fileRef = 06B075F61B797CF800CDCBCE /* UDLocation+Convience.swift */; };
		06B075F91B797D4F00CDCBCE /* UDLocation+Constants.swift in Sources */ = {isa = PBXBuildFile; fileRef = 06B075F81B797D4F00CDCBCE /* UDLocation+Constants.swift */; };
		06B075FF1B799DF700CDCBCE /* FBSDKCoreKit.framework in Frameworks */ = {isa = PBXBuildFile; fileRef = 06B075FD1B799DF700CDCBCE /* FBSDKCoreKit.framework */; };
		06B076001B799DF700CDCBCE /* FBSDKLoginKit.framework in Frameworks */ = {isa = PBXBuildFile; fileRef = 06B075FE1B799DF700CDCBCE /* FBSDKLoginKit.framework */; };
		06DBCABE1B71978D00ED6895 /* UDAppDelegate.swift in Sources */ = {isa = PBXBuildFile; fileRef = 06DBCABD1B71978D00ED6895 /* UDAppDelegate.swift */; };
		06DBCAC01B71978D00ED6895 /* FirstViewController.swift in Sources */ = {isa = PBXBuildFile; fileRef = 06DBCABF1B71978D00ED6895 /* FirstViewController.swift */; };
		06DBCAC21B71978D00ED6895 /* SecondViewController.swift in Sources */ = {isa = PBXBuildFile; fileRef = 06DBCAC11B71978D00ED6895 /* SecondViewController.swift */; };
		06DBCAC51B71978D00ED6895 /* Main.storyboard in Resources */ = {isa = PBXBuildFile; fileRef = 06DBCAC31B71978D00ED6895 /* Main.storyboard */; };
		06DBCAC71B71978D00ED6895 /* Images.xcassets in Resources */ = {isa = PBXBuildFile; fileRef = 06DBCAC61B71978D00ED6895 /* Images.xcassets */; };
		06DBCACA1B71978D00ED6895 /* LaunchScreen.xib in Resources */ = {isa = PBXBuildFile; fileRef = 06DBCAC81B71978D00ED6895 /* LaunchScreen.xib */; };
		06DBCAD61B71978D00ED6895 /* StudentLocationTests.swift in Sources */ = {isa = PBXBuildFile; fileRef = 06DBCAD51B71978D00ED6895 /* StudentLocationTests.swift */; };
		06DBCAE01B72174600ED6895 /* get-student-locations.json in Resources */ = {isa = PBXBuildFile; fileRef = 06DBCADF1B72174600ED6895 /* get-student-locations.json */; };
		06DBCB141B7219E100ED6895 /* OnTheMap.xcdatamodeld in Sources */ = {isa = PBXBuildFile; fileRef = 06DBCB121B7219E100ED6895 /* OnTheMap.xcdatamodeld */; };
		06DBCB161B721BD500ED6895 /* UDLocation.swift in Sources */ = {isa = PBXBuildFile; fileRef = 06DBCB151B721BD500ED6895 /* UDLocation.swift */; };
		06DBCB1A1B72860500ED6895 /* UDClient.swift in Sources */ = {isa = PBXBuildFile; fileRef = 06DBCB191B72860500ED6895 /* UDClient.swift */; };
		06DBCB1E1B7287AC00ED6895 /* UDClient+Constants.swift in Sources */ = {isa = PBXBuildFile; fileRef = 06DBCB1D1B7287AC00ED6895 /* UDClient+Constants.swift */; };
		06DBCB201B7299EB00ED6895 /* BaseClientTests.swift in Sources */ = {isa = PBXBuildFile; fileRef = 06DBCB1F1B7299EB00ED6895 /* BaseClientTests.swift */; };
/* End PBXBuildFile section */

/* Begin PBXContainerItemProxy section */
		06DBCAD01B71978D00ED6895 /* PBXContainerItemProxy */ = {
			isa = PBXContainerItemProxy;
			containerPortal = 06DBCAB01B71978D00ED6895 /* Project object */;
			proxyType = 1;
			remoteGlobalIDString = 06DBCAB71B71978D00ED6895;
			remoteInfo = OnTheMap;
		};
/* End PBXContainerItemProxy section */

/* Begin PBXFileReference section */
		069EC6FD1B7401C9008F7A7E /* UDLoginVC.swift */ = {isa = PBXFileReference; fileEncoding = 4; lastKnownFileType = sourcecode.swift; path = UDLoginVC.swift; sourceTree = "<group>"; };
		069EC7011B741FC1008F7A7E /* UDSessionTests.swift */ = {isa = PBXFileReference; fileEncoding = 4; lastKnownFileType = sourcecode.swift; path = UDSessionTests.swift; sourceTree = "<group>"; };
		069EC7031B742CDD008F7A7E /* BaseClient.swift */ = {isa = PBXFileReference; fileEncoding = 4; lastKnownFileType = sourcecode.swift; path = BaseClient.swift; sourceTree = "<group>"; };
		069EC7051B742D61008F7A7E /* UDParseClient.swift */ = {isa = PBXFileReference; fileEncoding = 4; lastKnownFileType = sourcecode.swift; path = UDParseClient.swift; sourceTree = "<group>"; };
		069EC7071B742E3D008F7A7E /* UDParseClient+Constants.swift */ = {isa = PBXFileReference; fileEncoding = 4; lastKnownFileType = sourcecode.swift; path = "UDParseClient+Constants.swift"; sourceTree = "<group>"; };
		069EC7091B742F83008F7A7E /* ParseClientTests.swift */ = {isa = PBXFileReference; fileEncoding = 4; lastKnownFileType = sourcecode.swift; path = ParseClientTests.swift; sourceTree = "<group>"; };
		069EC70B1B74360F008F7A7E /* UDClient+Convenience.swift */ = {isa = PBXFileReference; fileEncoding = 4; lastKnownFileType = sourcecode.swift; path = "UDClient+Convenience.swift"; sourceTree = "<group>"; };
		069EC70D1B744B52008F7A7E /* UDLocation+Annotation.swift */ = {isa = PBXFileReference; fileEncoding = 4; lastKnownFileType = sourcecode.swift; path = "UDLocation+Annotation.swift"; sourceTree = "<group>"; };
		069EC7111B74F70B008F7A7E /* UDLoginVCTests.swift */ = {isa = PBXFileReference; fileEncoding = 4; lastKnownFileType = sourcecode.swift; path = UDLoginVCTests.swift; sourceTree = "<group>"; };
		069EC7131B753433008F7A7E /* UDPointAnnotation.swift */ = {isa = PBXFileReference; fileEncoding = 4; lastKnownFileType = sourcecode.swift; path = UDPointAnnotation.swift; sourceTree = "<group>"; };
		069EC7151B764582008F7A7E /* UDParseClient+Convenience.swift */ = {isa = PBXFileReference; fileEncoding = 4; lastKnownFileType = sourcecode.swift; path = "UDParseClient+Convenience.swift"; sourceTree = "<group>"; };
		06B075E61B76E90300CDCBCE /* UDTabController.swift */ = {isa = PBXFileReference; fileEncoding = 4; lastKnownFileType = sourcecode.swift; path = UDTabController.swift; sourceTree = "<group>"; };
		06B075E81B77970500CDCBCE /* MapSearchTests.swift */ = {isa = PBXFileReference; fileEncoding = 4; lastKnownFileType = sourcecode.swift; path = MapSearchTests.swift; sourceTree = "<group>"; };
		06B075EA1B779E4900CDCBCE /* MKLocalSearch+StudentLocation.swift */ = {isa = PBXFileReference; fileEncoding = 4; lastKnownFileType = sourcecode.swift; path = "MKLocalSearch+StudentLocation.swift"; sourceTree = "<group>"; };
		06B075EC1B77B7EC00CDCBCE /* UDLocationSearchVC.swift */ = {isa = PBXFileReference; fileEncoding = 4; lastKnownFileType = sourcecode.swift; path = UDLocationSearchVC.swift; sourceTree = "<group>"; };
		06B075EE1B77B81000CDCBCE /* UDLocationPostVC.swift */ = {isa = PBXFileReference; fileEncoding = 4; lastKnownFileType = sourcecode.swift; path = UDLocationPostVC.swift; sourceTree = "<group>"; };
		06B075F41B77E58B00CDCBCE /* UDCurrentUser.swift */ = {isa = PBXFileReference; fileEncoding = 4; lastKnownFileType = sourcecode.swift; path = UDCurrentUser.swift; sourceTree = "<group>"; };
		06B075F61B797CF800CDCBCE /* UDLocation+Convience.swift */ = {isa = PBXFileReference; fileEncoding = 4; lastKnownFileType = sourcecode.swift; path = "UDLocation+Convience.swift"; sourceTree = "<group>"; };
		06B075F81B797D4F00CDCBCE /* UDLocation+Constants.swift */ = {isa = PBXFileReference; fileEncoding = 4; lastKnownFileType = sourcecode.swift; path = "UDLocation+Constants.swift"; sourceTree = "<group>"; };
		06B075FD1B799DF700CDCBCE /* FBSDKCoreKit.framework */ = {isa = PBXFileReference; lastKnownFileType = wrapper.framework; path = FBSDKCoreKit.framework; sourceTree = "<group>"; };
		06B075FE1B799DF700CDCBCE /* FBSDKLoginKit.framework */ = {isa = PBXFileReference; lastKnownFileType = wrapper.framework; path = FBSDKLoginKit.framework; sourceTree = "<group>"; };
		06DBCAB81B71978D00ED6895 /* OnTheMap.app */ = {isa = PBXFileReference; explicitFileType = wrapper.application; includeInIndex = 0; path = OnTheMap.app; sourceTree = BUILT_PRODUCTS_DIR; };
		06DBCABC1B71978D00ED6895 /* Info.plist */ = {isa = PBXFileReference; lastKnownFileType = text.plist.xml; path = Info.plist; sourceTree = "<group>"; };
		06DBCABD1B71978D00ED6895 /* UDAppDelegate.swift */ = {isa = PBXFileReference; lastKnownFileType = sourcecode.swift; path = UDAppDelegate.swift; sourceTree = "<group>"; };
		06DBCABF1B71978D00ED6895 /* FirstViewController.swift */ = {isa = PBXFileReference; lastKnownFileType = sourcecode.swift; path = FirstViewController.swift; sourceTree = "<group>"; };
		06DBCAC11B71978D00ED6895 /* SecondViewController.swift */ = {isa = PBXFileReference; lastKnownFileType = sourcecode.swift; path = SecondViewController.swift; sourceTree = "<group>"; };
		06DBCAC41B71978D00ED6895 /* Base */ = {isa = PBXFileReference; lastKnownFileType = file.storyboard; name = Base; path = Base.lproj/Main.storyboard; sourceTree = "<group>"; };
		06DBCAC61B71978D00ED6895 /* Images.xcassets */ = {isa = PBXFileReference; lastKnownFileType = folder.assetcatalog; path = Images.xcassets; sourceTree = "<group>"; };
		06DBCAC91B71978D00ED6895 /* Base */ = {isa = PBXFileReference; lastKnownFileType = file.xib; name = Base; path = Base.lproj/LaunchScreen.xib; sourceTree = "<group>"; };
		06DBCACF1B71978D00ED6895 /* OnTheMapTests.xctest */ = {isa = PBXFileReference; explicitFileType = wrapper.cfbundle; includeInIndex = 0; path = OnTheMapTests.xctest; sourceTree = BUILT_PRODUCTS_DIR; };
		06DBCAD41B71978D00ED6895 /* Info.plist */ = {isa = PBXFileReference; lastKnownFileType = text.plist.xml; path = Info.plist; sourceTree = "<group>"; };
		06DBCAD51B71978D00ED6895 /* StudentLocationTests.swift */ = {isa = PBXFileReference; lastKnownFileType = sourcecode.swift; path = StudentLocationTests.swift; sourceTree = "<group>"; };
		06DBCADF1B72174600ED6895 /* get-student-locations.json */ = {isa = PBXFileReference; fileEncoding = 4; lastKnownFileType = text.json; path = "get-student-locations.json"; sourceTree = "<group>"; };
		06DBCB131B7219E100ED6895 /* OnTheMap.xcdatamodel */ = {isa = PBXFileReference; lastKnownFileType = wrapper.xcdatamodel; path = OnTheMap.xcdatamodel; sourceTree = "<group>"; };
		06DBCB151B721BD500ED6895 /* UDLocation.swift */ = {isa = PBXFileReference; fileEncoding = 4; lastKnownFileType = sourcecode.swift; path = UDLocation.swift; sourceTree = "<group>"; };
		06DBCB191B72860500ED6895 /* UDClient.swift */ = {isa = PBXFileReference; fileEncoding = 4; lastKnownFileType = sourcecode.swift; path = UDClient.swift; sourceTree = "<group>"; };
		06DBCB1D1B7287AC00ED6895 /* UDClient+Constants.swift */ = {isa = PBXFileReference; fileEncoding = 4; lastKnownFileType = sourcecode.swift; path = "UDClient+Constants.swift"; sourceTree = "<group>"; };
		06DBCB1F1B7299EB00ED6895 /* BaseClientTests.swift */ = {isa = PBXFileReference; fileEncoding = 4; lastKnownFileType = sourcecode.swift; path = BaseClientTests.swift; sourceTree = "<group>"; };
/* End PBXFileReference section */

/* Begin PBXFrameworksBuildPhase section */
		06DBCAB51B71978D00ED6895 /* Frameworks */ = {
			isa = PBXFrameworksBuildPhase;
			buildActionMask = 2147483647;
			files = (
				06B076001B799DF700CDCBCE /* FBSDKLoginKit.framework in Frameworks */,
				06B075FF1B799DF700CDCBCE /* FBSDKCoreKit.framework in Frameworks */,
			);
			runOnlyForDeploymentPostprocessing = 0;
		};
		06DBCACC1B71978D00ED6895 /* Frameworks */ = {
			isa = PBXFrameworksBuildPhase;
			buildActionMask = 2147483647;
			files = (
			);
			runOnlyForDeploymentPostprocessing = 0;
		};
/* End PBXFrameworksBuildPhase section */

/* Begin PBXGroup section */
		069EC70F1B74DBBD008F7A7E /* Clients */ = {
			isa = PBXGroup;
			children = (
				06B075EA1B779E4900CDCBCE /* MKLocalSearch+StudentLocation.swift */,
				069EC7031B742CDD008F7A7E /* BaseClient.swift */,
				069EC7051B742D61008F7A7E /* UDParseClient.swift */,
				069EC7071B742E3D008F7A7E /* UDParseClient+Constants.swift */,
				069EC7151B764582008F7A7E /* UDParseClient+Convenience.swift */,
				06DBCB191B72860500ED6895 /* UDClient.swift */,
				06DBCB1D1B7287AC00ED6895 /* UDClient+Constants.swift */,
				069EC70B1B74360F008F7A7E /* UDClient+Convenience.swift */,
			);
			name = Clients;
			sourceTree = "<group>";
		};
		069EC7101B74DBC9008F7A7E /* Student Locations */ = {
			isa = PBXGroup;
			children = (
				06DBCB151B721BD500ED6895 /* UDLocation.swift */,
				06B075F81B797D4F00CDCBCE /* UDLocation+Constants.swift */,
				069EC70D1B744B52008F7A7E /* UDLocation+Annotation.swift */,
				06B075F61B797CF800CDCBCE /* UDLocation+Convience.swift */,
				069EC7131B753433008F7A7E /* UDPointAnnotation.swift */,
				06DBCB121B7219E100ED6895 /* OnTheMap.xcdatamodeld */,
			);
			name = "Student Locations";
			sourceTree = "<group>";
		};
		06DBCAAF1B71978D00ED6895 = {
			isa = PBXGroup;
			children = (
				06DBCABA1B71978D00ED6895 /* OnTheMap */,
				06DBCAD21B71978D00ED6895 /* OnTheMapTests */,
				06DBCAB91B71978D00ED6895 /* Products */,
			);
			sourceTree = "<group>";
		};
		06DBCAB91B71978D00ED6895 /* Products */ = {
			isa = PBXGroup;
			children = (
				06DBCAB81B71978D00ED6895 /* OnTheMap.app */,
				06DBCACF1B71978D00ED6895 /* OnTheMapTests.xctest */,
			);
			name = Products;
			sourceTree = "<group>";
		};
		06DBCABA1B71978D00ED6895 /* OnTheMap */ = {
			isa = PBXGroup;
			children = (
				06B075FD1B799DF700CDCBCE /* FBSDKCoreKit.framework */,
				06B075FE1B799DF700CDCBCE /* FBSDKLoginKit.framework */,
				06DBCABD1B71978D00ED6895 /* UDAppDelegate.swift */,
				06B075F41B77E58B00CDCBCE /* UDCurrentUser.swift */,
				069EC7101B74DBC9008F7A7E /* Student Locations */,
				069EC70F1B74DBBD008F7A7E /* Clients */,
				069EC6FD1B7401C9008F7A7E /* UDLoginVC.swift */,
				06B075E61B76E90300CDCBCE /* UDTabController.swift */,
				06DBCABF1B71978D00ED6895 /* FirstViewController.swift */,
				06DBCAC11B71978D00ED6895 /* SecondViewController.swift */,
				06B075EC1B77B7EC00CDCBCE /* UDLocationSearchVC.swift */,
				06B075EE1B77B81000CDCBCE /* UDLocationPostVC.swift */,
				06DBCAC31B71978D00ED6895 /* Main.storyboard */,
				06DBCAC61B71978D00ED6895 /* Images.xcassets */,
				06DBCAC81B71978D00ED6895 /* LaunchScreen.xib */,
				06DBCABB1B71978D00ED6895 /* Supporting Files */,
			);
			path = OnTheMap;
			sourceTree = "<group>";
		};
		06DBCABB1B71978D00ED6895 /* Supporting Files */ = {
			isa = PBXGroup;
			children = (
				06DBCABC1B71978D00ED6895 /* Info.plist */,
			);
			name = "Supporting Files";
			sourceTree = "<group>";
		};
		06DBCAD21B71978D00ED6895 /* OnTheMapTests */ = {
			isa = PBXGroup;
			children = (
				06DBCADF1B72174600ED6895 /* get-student-locations.json */,
				06DBCAD51B71978D00ED6895 /* StudentLocationTests.swift */,
				06B075E81B77970500CDCBCE /* MapSearchTests.swift */,
				069EC7111B74F70B008F7A7E /* UDLoginVCTests.swift */,
				06DBCB1F1B7299EB00ED6895 /* BaseClientTests.swift */,
				069EC7091B742F83008F7A7E /* ParseClientTests.swift */,
				069EC7011B741FC1008F7A7E /* UDSessionTests.swift */,
				06DBCAD31B71978D00ED6895 /* Supporting Files */,
			);
			path = OnTheMapTests;
			sourceTree = "<group>";
		};
		06DBCAD31B71978D00ED6895 /* Supporting Files */ = {
			isa = PBXGroup;
			children = (
				06DBCAD41B71978D00ED6895 /* Info.plist */,
			);
			name = "Supporting Files";
			sourceTree = "<group>";
		};
/* End PBXGroup section */

/* Begin PBXNativeTarget section */
		06DBCAB71B71978D00ED6895 /* OnTheMap */ = {
			isa = PBXNativeTarget;
			buildConfigurationList = 06DBCAD91B71978D00ED6895 /* Build configuration list for PBXNativeTarget "OnTheMap" */;
			buildPhases = (
				06DBCAB41B71978D00ED6895 /* Sources */,
				06DBCAB51B71978D00ED6895 /* Frameworks */,
				06DBCAB61B71978D00ED6895 /* Resources */,
			);
			buildRules = (
			);
			dependencies = (
			);
			name = OnTheMap;
			productName = OnTheMap;
			productReference = 06DBCAB81B71978D00ED6895 /* OnTheMap.app */;
			productType = "com.apple.product-type.application";
		};
		06DBCACE1B71978D00ED6895 /* OnTheMapTests */ = {
			isa = PBXNativeTarget;
			buildConfigurationList = 06DBCADC1B71978D00ED6895 /* Build configuration list for PBXNativeTarget "OnTheMapTests" */;
			buildPhases = (
				06DBCACB1B71978D00ED6895 /* Sources */,
				06DBCACC1B71978D00ED6895 /* Frameworks */,
				06DBCACD1B71978D00ED6895 /* Resources */,
			);
			buildRules = (
			);
			dependencies = (
				06DBCAD11B71978D00ED6895 /* PBXTargetDependency */,
			);
			name = OnTheMapTests;
			productName = OnTheMapTests;
			productReference = 06DBCACF1B71978D00ED6895 /* OnTheMapTests.xctest */;
			productType = "com.apple.product-type.bundle.unit-test";
		};
/* End PBXNativeTarget section */

/* Begin PBXProject section */
		06DBCAB01B71978D00ED6895 /* Project object */ = {
			isa = PBXProject;
			attributes = {
				LastUpgradeCheck = 0640;
				ORGANIZATIONNAME = "Tu Tong";
				TargetAttributes = {
					06DBCAB71B71978D00ED6895 = {
						CreatedOnToolsVersion = 6.4;
					};
					06DBCACE1B71978D00ED6895 = {
						CreatedOnToolsVersion = 6.4;
						TestTargetID = 06DBCAB71B71978D00ED6895;
					};
				};
			};
			buildConfigurationList = 06DBCAB31B71978D00ED6895 /* Build configuration list for PBXProject "OnTheMap" */;
			compatibilityVersion = "Xcode 3.2";
			developmentRegion = English;
			hasScannedForEncodings = 0;
			knownRegions = (
				en,
				Base,
			);
			mainGroup = 06DBCAAF1B71978D00ED6895;
			productRefGroup = 06DBCAB91B71978D00ED6895 /* Products */;
			projectDirPath = "";
			projectRoot = "";
			targets = (
				06DBCAB71B71978D00ED6895 /* OnTheMap */,
				06DBCACE1B71978D00ED6895 /* OnTheMapTests */,
			);
		};
/* End PBXProject section */

/* Begin PBXResourcesBuildPhase section */
		06DBCAB61B71978D00ED6895 /* Resources */ = {
			isa = PBXResourcesBuildPhase;
			buildActionMask = 2147483647;
			files = (
				06DBCAC51B71978D00ED6895 /* Main.storyboard in Resources */,
				06DBCACA1B71978D00ED6895 /* LaunchScreen.xib in Resources */,
				06DBCAC71B71978D00ED6895 /* Images.xcassets in Resources */,
			);
			runOnlyForDeploymentPostprocessing = 0;
		};
		06DBCACD1B71978D00ED6895 /* Resources */ = {
			isa = PBXResourcesBuildPhase;
			buildActionMask = 2147483647;
			files = (
				06DBCAE01B72174600ED6895 /* get-student-locations.json in Resources */,
			);
			runOnlyForDeploymentPostprocessing = 0;
		};
/* End PBXResourcesBuildPhase section */

/* Begin PBXSourcesBuildPhase section */
		06DBCAB41B71978D00ED6895 /* Sources */ = {
			isa = PBXSourcesBuildPhase;
			buildActionMask = 2147483647;
			files = (
				06B075ED1B77B7EC00CDCBCE /* UDLocationSearchVC.swift in Sources */,
				069EC7061B742D61008F7A7E /* UDParseClient.swift in Sources */,
				069EC7161B764582008F7A7E /* UDParseClient+Convenience.swift in Sources */,
				069EC70C1B74360F008F7A7E /* UDClient+Convenience.swift in Sources */,
				06DBCAC21B71978D00ED6895 /* SecondViewController.swift in Sources */,
				06B075F51B77E58B00CDCBCE /* UDCurrentUser.swift in Sources */,
				06B075E71B76E90300CDCBCE /* UDTabController.swift in Sources */,
				06DBCB141B7219E100ED6895 /* OnTheMap.xcdatamodeld in Sources */,
				06DBCB1E1B7287AC00ED6895 /* UDClient+Constants.swift in Sources */,
				06B075F91B797D4F00CDCBCE /* UDLocation+Constants.swift in Sources */,
				069EC7041B742CDD008F7A7E /* BaseClient.swift in Sources */,
				069EC7141B753433008F7A7E /* UDPointAnnotation.swift in Sources */,
				06B075EF1B77B81000CDCBCE /* UDLocationPostVC.swift in Sources */,
				06B075EB1B779E4900CDCBCE /* MKLocalSearch+StudentLocation.swift in Sources */,
				06DBCABE1B71978D00ED6895 /* UDAppDelegate.swift in Sources */,
				069EC7081B742E3D008F7A7E /* UDParseClient+Constants.swift in Sources */,
				069EC6FE1B7401C9008F7A7E /* UDLoginVC.swift in Sources */,
				06DBCB1A1B72860500ED6895 /* UDClient.swift in Sources */,
				069EC70E1B744B52008F7A7E /* UDLocation+Annotation.swift in Sources */,
				06B075F71B797CF800CDCBCE /* UDLocation+Convience.swift in Sources */,
				06DBCB161B721BD500ED6895 /* UDLocation.swift in Sources */,
				06DBCAC01B71978D00ED6895 /* FirstViewController.swift in Sources */,
			);
			runOnlyForDeploymentPostprocessing = 0;
		};
		06DBCACB1B71978D00ED6895 /* Sources */ = {
			isa = PBXSourcesBuildPhase;
			buildActionMask = 2147483647;
			files = (
				06DBCAD61B71978D00ED6895 /* StudentLocationTests.swift in Sources */,
				06DBCB201B7299EB00ED6895 /* BaseClientTests.swift in Sources */,
				069EC70A1B742F83008F7A7E /* ParseClientTests.swift in Sources */,
				069EC7021B741FC1008F7A7E /* UDSessionTests.swift in Sources */,
				06B075E91B77970500CDCBCE /* MapSearchTests.swift in Sources */,
				069EC7121B74F70B008F7A7E /* UDLoginVCTests.swift in Sources */,
			);
			runOnlyForDeploymentPostprocessing = 0;
		};
/* End PBXSourcesBuildPhase section */

/* Begin PBXTargetDependency section */
		06DBCAD11B71978D00ED6895 /* PBXTargetDependency */ = {
			isa = PBXTargetDependency;
			target = 06DBCAB71B71978D00ED6895 /* OnTheMap */;
			targetProxy = 06DBCAD01B71978D00ED6895 /* PBXContainerItemProxy */;
		};
/* End PBXTargetDependency section */

/* Begin PBXVariantGroup section */
		06DBCAC31B71978D00ED6895 /* Main.storyboard */ = {
			isa = PBXVariantGroup;
			children = (
				06DBCAC41B71978D00ED6895 /* Base */,
			);
			name = Main.storyboard;
			sourceTree = "<group>";
		};
		06DBCAC81B71978D00ED6895 /* LaunchScreen.xib */ = {
			isa = PBXVariantGroup;
			children = (
				06DBCAC91B71978D00ED6895 /* Base */,
			);
			name = LaunchScreen.xib;
			sourceTree = "<group>";
		};
/* End PBXVariantGroup section */

/* Begin XCBuildConfiguration section */
		06DBCAD71B71978D00ED6895 /* Debug */ = {
			isa = XCBuildConfiguration;
			buildSettings = {
				ALWAYS_SEARCH_USER_PATHS = NO;
				CLANG_CXX_LANGUAGE_STANDARD = "gnu++0x";
				CLANG_CXX_LIBRARY = "libc++";
				CLANG_ENABLE_MODULES = YES;
				CLANG_ENABLE_OBJC_ARC = YES;
				CLANG_WARN_BOOL_CONVERSION = YES;
				CLANG_WARN_CONSTANT_CONVERSION = YES;
				CLANG_WARN_DIRECT_OBJC_ISA_USAGE = YES_ERROR;
				CLANG_WARN_EMPTY_BODY = YES;
				CLANG_WARN_ENUM_CONVERSION = YES;
				CLANG_WARN_INT_CONVERSION = YES;
				CLANG_WARN_OBJC_ROOT_CLASS = YES_ERROR;
				CLANG_WARN_UNREACHABLE_CODE = YES;
				CLANG_WARN__DUPLICATE_METHOD_MATCH = YES;
				"CODE_SIGN_IDENTITY[sdk=iphoneos*]" = "iPhone Developer";
				COPY_PHASE_STRIP = NO;
				DEBUG_INFORMATION_FORMAT = "dwarf-with-dsym";
				ENABLE_STRICT_OBJC_MSGSEND = YES;
				GCC_C_LANGUAGE_STANDARD = gnu99;
				GCC_DYNAMIC_NO_PIC = NO;
				GCC_NO_COMMON_BLOCKS = YES;
				GCC_OPTIMIZATION_LEVEL = 0;
				GCC_PREPROCESSOR_DEFINITIONS = (
					"DEBUG=1",
					"$(inherited)",
				);
				GCC_SYMBOLS_PRIVATE_EXTERN = NO;
				GCC_WARN_64_TO_32_BIT_CONVERSION = YES;
				GCC_WARN_ABOUT_RETURN_TYPE = YES_ERROR;
				GCC_WARN_UNDECLARED_SELECTOR = YES;
				GCC_WARN_UNINITIALIZED_AUTOS = YES_AGGRESSIVE;
				GCC_WARN_UNUSED_FUNCTION = YES;
				GCC_WARN_UNUSED_VARIABLE = YES;
				IPHONEOS_DEPLOYMENT_TARGET = 8.4;
				MTL_ENABLE_DEBUG_INFO = YES;
				ONLY_ACTIVE_ARCH = YES;
				SDKROOT = iphoneos;
				SWIFT_OPTIMIZATION_LEVEL = "-Onone";
				TARGETED_DEVICE_FAMILY = "1,2";
			};
			name = Debug;
		};
		06DBCAD81B71978D00ED6895 /* Release */ = {
			isa = XCBuildConfiguration;
			buildSettings = {
				ALWAYS_SEARCH_USER_PATHS = NO;
				CLANG_CXX_LANGUAGE_STANDARD = "gnu++0x";
				CLANG_CXX_LIBRARY = "libc++";
				CLANG_ENABLE_MODULES = YES;
				CLANG_ENABLE_OBJC_ARC = YES;
				CLANG_WARN_BOOL_CONVERSION = YES;
				CLANG_WARN_CONSTANT_CONVERSION = YES;
				CLANG_WARN_DIRECT_OBJC_ISA_USAGE = YES_ERROR;
				CLANG_WARN_EMPTY_BODY = YES;
				CLANG_WARN_ENUM_CONVERSION = YES;
				CLANG_WARN_INT_CONVERSION = YES;
				CLANG_WARN_OBJC_ROOT_CLASS = YES_ERROR;
				CLANG_WARN_UNREACHABLE_CODE = YES;
				CLANG_WARN__DUPLICATE_METHOD_MATCH = YES;
				"CODE_SIGN_IDENTITY[sdk=iphoneos*]" = "iPhone Developer";
				COPY_PHASE_STRIP = NO;
				DEBUG_INFORMATION_FORMAT = "dwarf-with-dsym";
				ENABLE_NS_ASSERTIONS = NO;
				ENABLE_STRICT_OBJC_MSGSEND = YES;
				GCC_C_LANGUAGE_STANDARD = gnu99;
				GCC_NO_COMMON_BLOCKS = YES;
				GCC_WARN_64_TO_32_BIT_CONVERSION = YES;
				GCC_WARN_ABOUT_RETURN_TYPE = YES_ERROR;
				GCC_WARN_UNDECLARED_SELECTOR = YES;
				GCC_WARN_UNINITIALIZED_AUTOS = YES_AGGRESSIVE;
				GCC_WARN_UNUSED_FUNCTION = YES;
				GCC_WARN_UNUSED_VARIABLE = YES;
				IPHONEOS_DEPLOYMENT_TARGET = 8.4;
				MTL_ENABLE_DEBUG_INFO = NO;
				SDKROOT = iphoneos;
				TARGETED_DEVICE_FAMILY = "1,2";
				VALIDATE_PRODUCT = YES;
			};
			name = Release;
		};
		06DBCADA1B71978D00ED6895 /* Debug */ = {
			isa = XCBuildConfiguration;
			buildSettings = {
				ASSETCATALOG_COMPILER_APPICON_NAME = AppIcon;
				FRAMEWORK_SEARCH_PATHS = (
					"$(inherited)",
					/Users/tutong/Documents/FacebookSDK,
					"$(PROJECT_DIR)/OnTheMap",
				);
				INFOPLIST_FILE = OnTheMap/Info.plist;
				LD_RUNPATH_SEARCH_PATHS = "$(inherited) @executable_path/Frameworks";
				PRODUCT_NAME = "$(TARGET_NAME)";
			};
			name = Debug;
		};
		06DBCADB1B71978D00ED6895 /* Release */ = {
			isa = XCBuildConfiguration;
			buildSettings = {
				ASSETCATALOG_COMPILER_APPICON_NAME = AppIcon;
				FRAMEWORK_SEARCH_PATHS = (
					"$(inherited)",
					/Users/tutong/Documents/FacebookSDK,
					"$(PROJECT_DIR)/OnTheMap",
				);
				INFOPLIST_FILE = OnTheMap/Info.plist;
				LD_RUNPATH_SEARCH_PATHS = "$(inherited) @executable_path/Frameworks";
				PRODUCT_NAME = "$(TARGET_NAME)";
			};
			name = Release;
		};
		06DBCADD1B71978D00ED6895 /* Debug */ = {
			isa = XCBuildConfiguration;
			buildSettings = {
				BUNDLE_LOADER = "$(TEST_HOST)";
				FRAMEWORK_SEARCH_PATHS = (
					"$(SDKROOT)/Developer/Library/Frameworks",
					"$(inherited)",
					/Users/tutong/Documents/FacebookSDK,
				);
				GCC_PREPROCESSOR_DEFINITIONS = (
					"DEBUG=1",
					"$(inherited)",
					"TESTING=1",
				);
				INFOPLIST_FILE = OnTheMapTests/Info.plist;
				LD_RUNPATH_SEARCH_PATHS = "$(inherited) @executable_path/Frameworks @loader_path/Frameworks";
				PRODUCT_NAME = "$(TARGET_NAME)";
				TEST_HOST = "$(BUILT_PRODUCTS_DIR)/OnTheMap.app/OnTheMap";
			};
			name = Debug;
		};
		06DBCADE1B71978D00ED6895 /* Release */ = {
			isa = XCBuildConfiguration;
			buildSettings = {
				BUNDLE_LOADER = "$(TEST_HOST)";
				FRAMEWORK_SEARCH_PATHS = (
					"$(SDKROOT)/Developer/Library/Frameworks",
					"$(inherited)",
					/Users/tutong/Documents/FacebookSDK,
				);
				INFOPLIST_FILE = OnTheMapTests/Info.plist;
				LD_RUNPATH_SEARCH_PATHS = "$(inherited) @executable_path/Frameworks @loader_path/Frameworks";
				PRODUCT_NAME = "$(TARGET_NAME)";
				TEST_HOST = "$(BUILT_PRODUCTS_DIR)/OnTheMap.app/OnTheMap";
			};
			name = Release;
		};
/* End XCBuildConfiguration section */

/* Begin XCConfigurationList section */
		06DBCAB31B71978D00ED6895 /* Build configuration list for PBXProject "OnTheMap" */ = {
			isa = XCConfigurationList;
			buildConfigurations = (
				06DBCAD71B71978D00ED6895 /* Debug */,
				06DBCAD81B71978D00ED6895 /* Release */,
			);
			defaultConfigurationIsVisible = 0;
			defaultConfigurationName = Release;
		};
		06DBCAD91B71978D00ED6895 /* Build configuration list for PBXNativeTarget "OnTheMap" */ = {
			isa = XCConfigurationList;
			buildConfigurations = (
				06DBCADA1B71978D00ED6895 /* Debug */,
				06DBCADB1B71978D00ED6895 /* Release */,
			);
			defaultConfigurationIsVisible = 0;
			defaultConfigurationName = Release;
		};
		06DBCADC1B71978D00ED6895 /* Build configuration list for PBXNativeTarget "OnTheMapTests" */ = {
			isa = XCConfigurationList;
			buildConfigurations = (
				06DBCADD1B71978D00ED6895 /* Debug */,
				06DBCADE1B71978D00ED6895 /* Release */,
			);
			defaultConfigurationIsVisible = 0;
			defaultConfigurationName = Release;
		};
/* End XCConfigurationList section */

/* Begin XCVersionGroup section */
		06DBCB121B7219E100ED6895 /* OnTheMap.xcdatamodeld */ = {
			isa = XCVersionGroup;
			children = (
				06DBCB131B7219E100ED6895 /* OnTheMap.xcdatamodel */,
			);
			currentVersion = 06DBCB131B7219E100ED6895 /* OnTheMap.xcdatamodel */;
			path = OnTheMap.xcdatamodeld;
			sourceTree = "<group>";
			versionGroupType = wrapper.xcdatamodel;
		};
/* End XCVersionGroup section */
	};
	rootObject = 06DBCAB01B71978D00ED6895 /* Project object */;
}
